
Microsoft Visual Studio Solution File, Format Version 11.00
# Visual Web Developer Express 2010
Project("{FAE04EC0-301F-11D3-BF4B-00C04F79EFBC}") = "Visualization", "Visualization\Visualization.csproj", "{2CE0911D-C4F5-47C7-80ED-1EB9496CCE47}"
	ProjectSection(ProjectDependencies) = postProject
		{03376767-94EC-4817-B567-6E4AEA9ABC54} = {03376767-94EC-4817-B567-6E4AEA9ABC54}
	EndProjectSection
EndProject
Project("{FAE04EC0-301F-11D3-BF4B-00C04F79EFBC}") = "Visualization.Web", "Visualization.Web\Visualization.Web.csproj", "{03376767-94EC-4817-B567-6E4AEA9ABC54}"
EndProject
Global
	GlobalSection(SolutionConfigurationPlatforms) = preSolution
		Debug|Any CPU = Debug|Any CPU
		Release|Any CPU = Release|Any CPU
	EndGlobalSection
	GlobalSection(ProjectConfigurationPlatforms) = postSolution
		{2CE0911D-C4F5-47C7-80ED-1EB9496CCE47}.Debug|Any CPU.ActiveCfg = Debug|Any CPU
		{2CE0911D-C4F5-47C7-80ED-1EB9496CCE47}.Debug|Any CPU.Build.0 = Debug|Any CPU
		{2CE0911D-C4F5-47C7-80ED-1EB9496CCE47}.Release|Any CPU.ActiveCfg = Release|Any CPU
		{2CE0911D-C4F5-47C7-80ED-1EB9496CCE47}.Release|Any CPU.Build.0 = Release|Any CPU
		{03376767-94EC-4817-B567-6E4AEA9ABC54}.Debug|Any CPU.ActiveCfg = Debug|Any CPU
		{03376767-94EC-4817-B567-6E4AEA9ABC54}.Debug|Any CPU.Build.0 = Debug|Any CPU
		{03376767-94EC-4817-B567-6E4AEA9ABC54}.Release|Any CPU.ActiveCfg = Release|Any CPU
		{03376767-94EC-4817-B567-6E4AEA9ABC54}.Release|Any CPU.Build.0 = Release|Any CPU
	EndGlobalSection
	GlobalSection(SolutionProperties) = preSolution
		HideSolutionNode = FALSE
	EndGlobalSection
EndGlobal
